
Microsoft Visual Studio Solution File, Format Version 12.00
# Visual Studio Version 16
VisualStudioVersion = 16.0.30611.23
MinimumVisualStudioVersion = 10.0.40219.1
Project("{9A19103F-16F7-4668-BE54-9A1E7A4F7556}") = "Presentation", "Presentation\Presentation.csproj", "{E30894B9-8C6F-43CD-A13D-26282805EA2F}"
EndProject
Project("{9A19103F-16F7-4668-BE54-9A1E7A4F7556}") = "Common", "Common\Common.csproj", "{CDD5C81A-ADEC-4174-B441-F0323FC36715}"
EndProject
Project("{9A19103F-16F7-4668-BE54-9A1E7A4F7556}") = "DataAccess", "DataAccess\DataAccess.csproj", "{E0F18212-9AAA-4F06-B10E-F402CCB706B7}"
EndProject
Project("{9A19103F-16F7-4668-BE54-9A1E7A4F7556}") = "FundMicroService", "FundMicroService\FundMicroService.csproj", "{2E24978E-9322-4B60-9364-E2D89801E95C}"
EndProject
Project("{9A19103F-16F7-4668-BE54-9A1E7A4F7556}") = "TransferMicroService", "TransferMicroService\TransferMicroService.csproj", "{29F55CD3-2CF4-4ED3-A6F4-6E6EFB673AD8}"
EndProject
Project("{9A19103F-16F7-4668-BE54-9A1E7A4F7556}") = "Audit", "Audit\Audit.csproj", "{439D419D-73B2-486E-9165-BF78D776BCE8}"
EndProject
Project("{9A19103F-16F7-4668-BE54-9A1E7A4F7556}") = "APIs", "APIs\APIs.csproj", "{031146BB-59A9-4157-BA4F-22A421B4F5DD}"
EndProject
Project("{FAE04EC0-301F-11D3-BF4B-00C04F79EFBC}") = "RegisterMicroService", "RegisterMicroService\RegisterMicroService.csproj", "{EB2114EE-5F82-4EB8-8C05-3F6782E04A05}"
EndProject
Global
	GlobalSection(SolutionConfigurationPlatforms) = preSolution
		Debug|Any CPU = Debug|Any CPU
		Release|Any CPU = Release|Any CPU
	EndGlobalSection
	GlobalSection(ProjectConfigurationPlatforms) = postSolution
		{E30894B9-8C6F-43CD-A13D-26282805EA2F}.Debug|Any CPU.ActiveCfg = Debug|Any CPU
		{E30894B9-8C6F-43CD-A13D-26282805EA2F}.Debug|Any CPU.Build.0 = Debug|Any CPU
		{E30894B9-8C6F-43CD-A13D-26282805EA2F}.Release|Any CPU.ActiveCfg = Release|Any CPU
		{E30894B9-8C6F-43CD-A13D-26282805EA2F}.Release|Any CPU.Build.0 = Release|Any CPU
		{CDD5C81A-ADEC-4174-B441-F0323FC36715}.Debug|Any CPU.ActiveCfg = Debug|Any CPU
		{CDD5C81A-ADEC-4174-B441-F0323FC36715}.Debug|Any CPU.Build.0 = Debug|Any CPU
		{CDD5C81A-ADEC-4174-B441-F0323FC36715}.Release|Any CPU.ActiveCfg = Release|Any CPU
		{CDD5C81A-ADEC-4174-B441-F0323FC36715}.Release|Any CPU.Build.0 = Release|Any CPU
		{E0F18212-9AAA-4F06-B10E-F402CCB706B7}.Debug|Any CPU.ActiveCfg = Debug|Any CPU
		{E0F18212-9AAA-4F06-B10E-F402CCB706B7}.Debug|Any CPU.Build.0 = Debug|Any CPU
		{E0F18212-9AAA-4F06-B10E-F402CCB706B7}.Release|Any CPU.ActiveCfg = Release|Any CPU
		{E0F18212-9AAA-4F06-B10E-F402CCB706B7}.Release|Any CPU.Build.0 = Release|Any CPU
		{2E24978E-9322-4B60-9364-E2D89801E95C}.Debug|Any CPU.ActiveCfg = Debug|Any CPU
		{2E24978E-9322-4B60-9364-E2D89801E95C}.Debug|Any CPU.Build.0 = Debug|Any CPU
		{2E24978E-9322-4B60-9364-E2D89801E95C}.Release|Any CPU.ActiveCfg = Release|Any CPU
		{2E24978E-9322-4B60-9364-E2D89801E95C}.Release|Any CPU.Build.0 = Release|Any CPU
		{29F55CD3-2CF4-4ED3-A6F4-6E6EFB673AD8}.Debug|Any CPU.ActiveCfg = Debug|Any CPU
		{29F55CD3-2CF4-4ED3-A6F4-6E6EFB673AD8}.Debug|Any CPU.Build.0 = Debug|Any CPU
		{29F55CD3-2CF4-4ED3-A6F4-6E6EFB673AD8}.Release|Any CPU.ActiveCfg = Release|Any CPU
		{29F55CD3-2CF4-4ED3-A6F4-6E6EFB673AD8}.Release|Any CPU.Build.0 = Release|Any CPU
		{439D419D-73B2-486E-9165-BF78D776BCE8}.Debug|Any CPU.ActiveCfg = Debug|Any CPU
		{439D419D-73B2-486E-9165-BF78D776BCE8}.Debug|Any CPU.Build.0 = Debug|Any CPU
		{439D419D-73B2-486E-9165-BF78D776BCE8}.Release|Any CPU.ActiveCfg = Release|Any CPU
		{439D419D-73B2-486E-9165-BF78D776BCE8}.Release|Any CPU.Build.0 = Release|Any CPU
		{031146BB-59A9-4157-BA4F-22A421B4F5DD}.Debug|Any CPU.ActiveCfg = Debug|Any CPU
		{031146BB-59A9-4157-BA4F-22A421B4F5DD}.Debug|Any CPU.Build.0 = Debug|Any CPU
		{031146BB-59A9-4157-BA4F-22A421B4F5DD}.Release|Any CPU.ActiveCfg = Release|Any CPU
		{031146BB-59A9-4157-BA4F-22A421B4F5DD}.Release|Any CPU.Build.0 = Release|Any CPU
		{EB2114EE-5F82-4EB8-8C05-3F6782E04A05}.Debug|Any CPU.ActiveCfg = Debug|Any CPU
		{EB2114EE-5F82-4EB8-8C05-3F6782E04A05}.Debug|Any CPU.Build.0 = Debug|Any CPU
		{EB2114EE-5F82-4EB8-8C05-3F6782E04A05}.Release|Any CPU.ActiveCfg = Release|Any CPU
		{EB2114EE-5F82-4EB8-8C05-3F6782E04A05}.Release|Any CPU.Build.0 = Release|Any CPU
	EndGlobalSection
	GlobalSection(SolutionProperties) = preSolution
		HideSolutionNode = FALSE
	EndGlobalSection
	GlobalSection(ExtensibilityGlobals) = postSolution
		SolutionGuid = {6DB8DCD7-3D25-465D-A377-6C408F368B2C}
	EndGlobalSection
EndGlobal
